
Microsoft Visual Studio Solution File, Format Version 12.00
# Visual Studio 15
VisualStudioVersion = 15.0.28010.2016
MinimumVisualStudioVersion = 10.0.40219.1
Project("{FAE04EC0-301F-11D3-BF4B-00C04F79EFBC}") = "Computer", "Computer\Computer.csproj", "{0712221A-18C0-4205-8ADB-5D777F88D911}"
EndProject
Global
	GlobalSection(SolutionConfigurationPlatforms) = preSolution
		Debug|Any CPU = Debug|Any CPU
		Release|Any CPU = Release|Any CPU
	EndGlobalSection
	GlobalSection(ProjectConfigurationPlatforms) = postSolution
		{0712221A-18C0-4205-8ADB-5D777F88D911}.Debug|Any CPU.ActiveCfg = Debug|Any CPU
		{0712221A-18C0-4205-8ADB-5D777F88D911}.Debug|Any CPU.Build.0 = Debug|Any CPU
		{0712221A-18C0-4205-8ADB-5D777F88D911}.Release|Any CPU.ActiveCfg = Release|Any CPU
		{0712221A-18C0-4205-8ADB-5D777F88D911}.Release|Any CPU.Build.0 = Release|Any CPU
	EndGlobalSection
	GlobalSection(SolutionProperties) = preSolution
		HideSolutionNode = FALSE
	EndGlobalSection
	GlobalSection(ExtensibilityGlobals) = postSolution
		SolutionGuid = {8C0FE6AF-0A4A-486F-BB9E-7C5F4406E9DC}
	EndGlobalSection
EndGlobal
